github.com/aws/aws-sdk-go-v2 v1.24.0 h1:890+mqQ+hTpNuw0gGP6/4akolQkSToDJgHfQE7AwGuk=
github.com/aws/aws-sdk-go-v2 v1.24.0/go.mod h1:LNh45Br1YAkEKaAqvmE1m8FUx6a5b/V0oAKV7of29b4=
github.com/aws/aws-sdk-go-v2/config v1.25.5 h1:UGKm9hpQS2hoK8CEJ1BzAW8NbUpvwDJJ4lyqXSzu8bk=
github.com/aws/aws-sdk-go-v2/config v1.25.5/go.mod h1:Bf4gDvy4ZcFIK0rqDu1wp9wrubNba2DojiPB2rt6nvI=
github.com/aws/aws-sdk-go-v2/credentials v1.16.4 h1:i7UQYYDSJrtc30RSwJwfBKwLFNnBTiICqAJ0pPdum8E=
github.com/aws/aws-sdk-go-v2/credentials v1.16.4/go.mod h1:Kdh/okh+//vQ/AjEt81CjvkTo64+/zIE4OewP7RpfXk=
github.com/aws/aws-sdk-go-v2/feature/ec2/imds v1.14.5 h1:KehRNiVzIfAcj6gw98zotVbb/K67taJE0fkfgM6vzqU=
github.com/aws/aws-sdk-go-v2/feature/ec2/imds v1.14.5/go.mod h1:VhnExhw6uXy9QzetvpXDolo1/hjhx4u9qukBGkuUwjs=
github.com/aws/aws-sdk-go-v2/internal/configsources v1.2.9 h1:v+HbZaCGmOwnTTVS86Fleq0vPzOd7tnJGbFhP0stNLs=
github.com/aws/aws-sdk-go-v2/internal/configsources v1.2.9/go.mod h1:Xjqy+Nyj7VDLBtCMkQYOw1QYfAEZCVLrfI0ezve8wd4=
github.com/aws/aws-sdk-go-v2/internal/endpoints/v2 v2.5.9 h1:N94sVhRACtXyVcjXxrwK1SKFIJrA9pOJ5yu2eSHnmls=
github.com/aws/aws-sdk-go-v2/internal/endpoints/v2 v2.5.9/go.mod h1:hqamLz7g1/4EJP+GH5NBhcUMLjW+gKLQabgyz6/7WAU=
github.com/aws/aws-sdk-go-v2/internal/ini v1.7.1 h1:uR9lXYjdPX0xY+NhvaJ4dD8rpSRz5VY81ccIIoNG+lw=
github.com/aws/aws-sdk-go-v2/internal/ini v1.7.1/go.mod h1:6fQQgfuGmw8Al/3M2IgIllycxV7ZW7WCdVSqfBeUiCY=
github.com/aws/aws-sdk-go-v2/service/internal/accept-encoding v1.10.1 h1:rpkF4n0CyFcrJUG/rNNohoTmhtWlFTRI4BsZOh9PvLs=
github.com/aws/aws-sdk-go-v2/service/internal/accept-encoding v1.10.1/go.mod h1:l9ymW25HOqymeU2m1gbUQ3rUIsTwKs8gYHXkqDQUhiI=
github.com/aws/aws-sdk-go-v2/service/internal/presigned-url v1.10.4 h1:rdovz3rEu0vZKbzoMYPTehp0E8veoE9AyfzqCr5Eeao=
github.com/aws/aws-sdk-go-v2/service/internal/presigned-url v1.10.4/go.mod h1:aYCGNjyUCUelhofxlZyj63srdxWUSsBSGg5l6MCuXuE=
github.com/aws/aws-sdk-go-v2/service/organizations v1.23.5 h1:4sW8XPTtuH6PX8CUcpUxBKg0Pf67k1MOOgq9Y+v4ls8=
github.com/aws/aws-sdk-go-v2/service/organizations v1.23.5/go.mod h1:AMzAwJifk4gEft+ElIMFjOb2qUNqHODfjSszVL5Nfeo=
github.com/aws/aws-sdk-go-v2/service/sso v1.17.3 h1:CdsSOGlFF3Pn+koXOIpTtvX7st0IuGsZ8kJqcWMlX54=
github.com/aws/aws-sdk-go-v2/service/sso v1.17.3/go.mod h1:oA6VjNsLll2eVuUoF2D+CMyORgNzPEW/3PyUdq6WQjI=
github.com/aws/aws-sdk-go-v2/service/ssoadmin v1.23.2 h1:cdyocwtIYYT2eZchEb8hQnvwx1G9VWWoxxtoX8znlkc=
github.com/aws/aws-sdk-go-v2/service/ssoadmin v1.23.2/go.mod h1:6qTOyyNqJ/Sz7TjiK4kqDiwy9Ei0rP2syOyduWSdt8A=
github.com/aws/aws-sdk-go-v2/service/ssooidc v1.20.1 h1:cbRqFTVnJV+KRpwFl76GJdIZJKKCdTPnjUZ7uWh3pIU=
github.com/aws/aws-sdk-go-v2/service/ssooidc v1.20.1/go.mod h1:hHL974p5auvXlZPIjJTblXJpbkfK4klBczlsEaMCGVY=
github.com/aws/aws-sdk-go-v2/service/sts v1.25.4 h1:yEvZ4neOQ/KpUqyR+X0ycUTW/kVRNR4nDZ38wStHGAA=
github.com/aws/aws-sdk-go-v2/service/sts v1.25.4/go.mod h1:feTnm2Tk/pJxdX+eooEsxvlvTWBvDm6CasRZ+JOs2IY=
github.com/aws/smithy-go v1.19.0 h1:KWFKQV80DpP3vJrrA9sVAHQ5gc2z8i4EzrLhLlWXcBM=
github.com/aws/smithy-go v1.19.0/go.mod h1:NukqUGpCZIILqqiV0NIjeFh24kd/FAa4beRb6nbIUPE=
github.com/cpuguy83/go-md2man/v2 v2.0.3/go.mod h1:tgQtvFlXSQOSOSIRvRPT7W67SCa46tRHOmNcaadrF8o=
github.com/davecgh/go-spew v1.1.0/go.mod h1:J7Y8YcW2NihsgmVo/mv3lAwl/skON4iLHjSsI+c5H38=
github.com/davecgh/go-spew v1.1.1 h1:vj9j/u1bqnvCEfJOwUhtlOARqs3+rkHYY13jYWTU97c=
github.com/davecgh/go-spew v1.1.1/go.mod h1:J7Y8YcW2NihsgmVo/mv3lAwl/skON4iLHjSsI+c5H38=
github.com/go-ini/ini v1.67.0 h1:z6ZrTEZqSWOTyH2FlglNbNgARyHG8oLW9gMELqKr06A=
github.com/go-ini/ini v1.67.0/go.mod h1:ByCAeIL28uOIIG0E3PJtZPDL8WnHpFKFOtgjp+3Ies8=
github.com/google/go-cmp v0.5.8 h1:e6P7q2lk1O+qJJb4BtCQXlK8vWEO8V1ZeuEdJNOqZyg=
github.com/inconshreveable/mousetrap v1.1.0 h1:wN+x4NVGpMsO7ErUn/mUI3vEoE6Jt13X2s0bqwp9tc8=
github.com/inconshreveable/mousetrap v1.1.0/go.mod h1:vpF70FUmC8bwa3OWnCshd2FqLfsEA9PFc4w1p2J65bw=
github.com/pmezard/go-difflib v1.0.0 h1:4DBwDE0NGyQoBHbLQYPwSUPoCMWR5BEzIk/f1lZbAQM=
github.com/pmezard/go-difflib v1.0.0/go.mod h1:iKH77koFhYxTK1pcRnkKkqfTogsbg7gZNVY4sRDYZ/4=
github.com/russross/blackfriday/v2 v2.1.0/go.mod h1:+Rmxgy9KzJVeS9/2gXHxylqXiyQDYRxCVz55jmeOWTM=
github.com/spf13/cobra v1.8.0 h1:7aJaZx1B85qltLMc546zn58BxxfZdR/W22ej9CFoEf0=
github.com/spf13/cobra v1.8.0/go.mod h1:WXLWApfZ71AjXPya3WOlMsY9yMs7YeiHhFVlvLyhcho=
github.com/spf13/pflag v1.0.5 h1:iy+VFUOCP1a+8yFto/drg2CJ5u0yRoB7fZw3DKv/JXA=
github.com/spf13/pflag v1.0.5/go.mod h1:McXfInJRrz4CZXVZOBLb0bTZqETkiAhM9Iw0y3An2Bg=
github.com/stretchr/objx v0.1.0/go.mod h1:HFkY916IF+rwdDfMAkV7OtwuqBVzrE8GR6GFx+wExME=
github.com/stretchr/objx v0.4.0/go.mod h1:YvHI0jy2hoMjB+UWwv71VJQ9isScKT/TqJzVSSt89Yw=
github.com/stretchr/objx v0.5.0/go.mod h1:Yh+to48EsGEfYuaHDzXPcE3xhTkx73EhmCGUpEOglKo=
github.com/stretchr/testify v1.7.1/go.mod h1:6Fq8oRcR53rry900zMqJjRRixrwX3KX962/h/Wwjteg=
github.com/stretchr/testify v1.8.0/go.mod h1:yNjHg4UonilssWZ8iaSj1OCr/vHnekPRkoO+kdMU+MU=
github.com/stretchr/testify v1.8.2 h1:+h33VjcLVPDHtOdpUCuF+7gSuG3yGIftsP1YvFihtJ8=
github.com/stretchr/testify v1.8.2/go.mod h1:w2LPCIKwWwSfY2zedu0+kehJoqGctiVI29o6fzry7u4=
gopkg.in/check.v1 v0.0.0-20161208181325-20d25e280405/go.mod h1:Co6ibVJAznAaIkqp8huTwlJQCZ016jof/cbN4VW5Yz0=
gopkg.in/yaml.v3 v3.0.0-20200313102051-9f266ea9e77c/go.mod h1:K4uyk7z7BCEPqu6E+C64Yfv1cQ7kz7rIZviUmN+EgEM=
gopkg.in/yaml.v3 v3.0.1 h1:fxVm/GzAzEWqLHuvctI91KS9hhNmmWOoWu0XTYJS7CA=
gopkg.in/yaml.v3 v3.0.1/go.mod h1:K4uyk7z7BCEPqu6E+C64Yfv1cQ7kz7rIZviUmN+EgEM=
