github.com/aws/aws-sdk-go-v2 v1.25.2 h1:/uiG1avJRgLGiQM9X3qJM8+Qa6KRGK5rRPuXE0HUM+w=
github.com/aws/aws-sdk-go-v2 v1.25.2/go.mod h1:Evoc5AsmtveRt1komDwIsjHFyrP5tDuF1D1U+6z6pNo=
github.com/aws/aws-sdk-go-v2/config v1.27.5 h1:brBPsyRFQn97M1ZhQ9tLXkO7Zytiar0NS06FGmEJBdg=
github.com/aws/aws-sdk-go-v2/config v1.27.5/go.mod h1:I53uvsfddRRTG5YcC4n5Z3aOD1BU8hYCoIG7iEJG4wM=
github.com/aws/aws-sdk-go-v2/credentials v1.17.5 h1:yn3zSvIKC2NZIs40cY3kckcy9Zma96PrRR07N54PCvY=
github.com/aws/aws-sdk-go-v2/credentials v1.17.5/go.mod h1:8JcKPAGZVnDWuR5lusAwmrSDtZnDIAnpQWaDC9RFt2g=
github.com/aws/aws-sdk-go-v2/feature/ec2/imds v1.15.2 h1:AK0J8iYBFeUk2Ax7O8YpLtFsfhdOByh2QIkHmigpRYk=
github.com/aws/aws-sdk-go-v2/feature/ec2/imds v1.15.2/go.mod h1:iRlGzMix0SExQEviAyptRWRGdYNo3+ufW/lCzvKVTUc=
github.com/aws/aws-sdk-go-v2/internal/configsources v1.3.2 h1:bNo4LagzUKbjdxE0tIcR9pMzLR2U/Tgie1Hq1HQ3iH8=
github.com/aws/aws-sdk-go-v2/internal/configsources v1.3.2/go.mod h1:wRQv0nN6v9wDXuWThpovGQjqF1HFdcgWjporw14lS8k=
github.com/aws/aws-sdk-go-v2/internal/endpoints/v2 v2.6.2 h1:EtOU5jsPdIQNP+6Q2C5e3d65NKT1PeCiQk+9OdzO12Q=
github.com/aws/aws-sdk-go-v2/internal/endpoints/v2 v2.6.2/go.mod h1:tyF5sKccmDz0Bv4NrstEr+/9YkSPJHrcO7UsUKf7pWM=
github.com/aws/aws-sdk-go-v2/internal/ini v1.8.0 h1:hT8rVHwugYE2lEfdFE0QWVo81lF7jMrYJVDWI+f+VxU=
github.com/aws/aws-sdk-go-v2/internal/ini v1.8.0/go.mod h1:8tu/lYfQfFe6IGnaOdrpVgEL2IrrDOf6/m9RQum4NkY=
github.com/aws/aws-sdk-go-v2/service/internal/accept-encoding v1.11.1 h1:EyBZibRTVAs6ECHZOw5/wlylS9OcTzwyjeQMudmREjE=
github.com/aws/aws-sdk-go-v2/service/internal/accept-encoding v1.11.1/go.mod h1:JKpmtYhhPs7D97NL/ltqz7yCkERFW5dOlHyVl66ZYF8=
github.com/aws/aws-sdk-go-v2/service/internal/presigned-url v1.11.3 h1:x0N5ftQzgcfRpCpTiyZC40pvNUJYhzf4UgCsAyO6/P8=
github.com/aws/aws-sdk-go-v2/service/internal/presigned-url v1.11.3/go.mod h1:Ru7vg1iQ7cR4i7SZ/JTLYN9kaXtbL69UdgG0OQWQxW0=
github.com/aws/aws-sdk-go-v2/service/organizations v1.24.1 h1:Go16McFasukpg+fas8weto4LhPsUGIau49yUQVD3JcU=
github.com/aws/aws-sdk-go-v2/service/organizations v1.24.1/go.mod h1:Zwp+hDLlJSJfoPiMhSGLifx1d1uF6XNhhLz+D3YZYD8=
github.com/aws/aws-sdk-go-v2/service/sso v1.20.1 h1:utEGkfdQ4L6YW/ietH7111ZYglLJvS+sLriHJ1NBJEQ=
github.com/aws/aws-sdk-go-v2/service/sso v1.20.1/go.mod h1:RsYqzYr2F2oPDdpy+PdhephuZxTfjHQe7SOBcZGoAU8=
github.com/aws/aws-sdk-go-v2/service/ssoadmin v1.25.1 h1:dd2+e8rI6N4OM5pWkbGQ7CFjkU2nKMPRJEL6RmOhBAw=
github.com/aws/aws-sdk-go-v2/service/ssoadmin v1.25.1/go.mod h1:dc10tHFG63JGJ2DKWox2eEIF1xglfLuAMTfQ3Uy325I=
github.com/aws/aws-sdk-go-v2/service/ssooidc v1.23.1 h1:9/GylMS45hGGFCcMrUZDVayQE1jYSIN6da9jo7RAYIw=
github.com/aws/aws-sdk-go-v2/service/ssooidc v1.23.1/go.mod h1:YjAPFn4kGFqKC54VsHs5fn5B6d+PCY2tziEa3U/GB5Y=
github.com/aws/aws-sdk-go-v2/service/sts v1.28.2 h1:0YjXuWdYHvsm0HnT4vO8XpwG1D+i2roxSCBoN6deJ7M=
github.com/aws/aws-sdk-go-v2/service/sts v1.28.2/go.mod h1:jI+FWmYkSMn+4APWmZiZTgt0oM0TrvymD51FMqCnWgA=
github.com/aws/smithy-go v1.20.1 h1:4SZlSlMr36UEqC7XOyRVb27XMeZubNcBNN+9IgEPIQw=
github.com/aws/smithy-go v1.20.1/go.mod h1:krry+ya/rV9RDcV/Q16kpu6ypI4K2czasz0NC3qS14E=
github.com/cpuguy83/go-md2man/v2 v2.0.3/go.mod h1:tgQtvFlXSQOSOSIRvRPT7W67SCa46tRHOmNcaadrF8o=
github.com/davecgh/go-spew v1.1.0/go.mod h1:J7Y8YcW2NihsgmVo/mv3lAwl/skON4iLHjSsI+c5H38=
github.com/davecgh/go-spew v1.1.1 h1:vj9j/u1bqnvCEfJOwUhtlOARqs3+rkHYY13jYWTU97c=
github.com/davecgh/go-spew v1.1.1/go.mod h1:J7Y8YcW2NihsgmVo/mv3lAwl/skON4iLHjSsI+c5H38=
github.com/go-ini/ini v1.67.0 h1:z6ZrTEZqSWOTyH2FlglNbNgARyHG8oLW9gMELqKr06A=
github.com/go-ini/ini v1.67.0/go.mod h1:ByCAeIL28uOIIG0E3PJtZPDL8WnHpFKFOtgjp+3Ies8=
github.com/google/go-cmp v0.5.8 h1:e6P7q2lk1O+qJJb4BtCQXlK8vWEO8V1ZeuEdJNOqZyg=
github.com/inconshreveable/mousetrap v1.1.0 h1:wN+x4NVGpMsO7ErUn/mUI3vEoE6Jt13X2s0bqwp9tc8=
github.com/inconshreveable/mousetrap v1.1.0/go.mod h1:vpF70FUmC8bwa3OWnCshd2FqLfsEA9PFc4w1p2J65bw=
github.com/pmezard/go-difflib v1.0.0 h1:4DBwDE0NGyQoBHbLQYPwSUPoCMWR5BEzIk/f1lZbAQM=
github.com/pmezard/go-difflib v1.0.0/go.mod h1:iKH77koFhYxTK1pcRnkKkqfTogsbg7gZNVY4sRDYZ/4=
github.com/russross/blackfriday/v2 v2.1.0/go.mod h1:+Rmxgy9KzJVeS9/2gXHxylqXiyQDYRxCVz55jmeOWTM=
github.com/spf13/cobra v1.8.0 h1:7aJaZx1B85qltLMc546zn58BxxfZdR/W22ej9CFoEf0=
github.com/spf13/cobra v1.8.0/go.mod h1:WXLWApfZ71AjXPya3WOlMsY9yMs7YeiHhFVlvLyhcho=
github.com/spf13/pflag v1.0.5 h1:iy+VFUOCP1a+8yFto/drg2CJ5u0yRoB7fZw3DKv/JXA=
github.com/spf13/pflag v1.0.5/go.mod h1:McXfInJRrz4CZXVZOBLb0bTZqETkiAhM9Iw0y3An2Bg=
github.com/stretchr/objx v0.1.0/go.mod h1:HFkY916IF+rwdDfMAkV7OtwuqBVzrE8GR6GFx+wExME=
github.com/stretchr/objx v0.4.0/go.mod h1:YvHI0jy2hoMjB+UWwv71VJQ9isScKT/TqJzVSSt89Yw=
github.com/stretchr/objx v0.5.0/go.mod h1:Yh+to48EsGEfYuaHDzXPcE3xhTkx73EhmCGUpEOglKo=
github.com/stretchr/testify v1.7.1/go.mod h1:6Fq8oRcR53rry900zMqJjRRixrwX3KX962/h/Wwjteg=
github.com/stretchr/testify v1.8.0/go.mod h1:yNjHg4UonilssWZ8iaSj1OCr/vHnekPRkoO+kdMU+MU=
github.com/stretchr/testify v1.8.2 h1:+h33VjcLVPDHtOdpUCuF+7gSuG3yGIftsP1YvFihtJ8=
github.com/stretchr/testify v1.8.2/go.mod h1:w2LPCIKwWwSfY2zedu0+kehJoqGctiVI29o6fzry7u4=
gopkg.in/check.v1 v0.0.0-20161208181325-20d25e280405/go.mod h1:Co6ibVJAznAaIkqp8huTwlJQCZ016jof/cbN4VW5Yz0=
gopkg.in/yaml.v3 v3.0.0-20200313102051-9f266ea9e77c/go.mod h1:K4uyk7z7BCEPqu6E+C64Yfv1cQ7kz7rIZviUmN+EgEM=
gopkg.in/yaml.v3 v3.0.1 h1:fxVm/GzAzEWqLHuvctI91KS9hhNmmWOoWu0XTYJS7CA=
gopkg.in/yaml.v3 v3.0.1/go.mod h1:K4uyk7z7BCEPqu6E+C64Yfv1cQ7kz7rIZviUmN+EgEM=
